
Microsoft Visual Studio Solution File, Format Version 12.00
# Visual Studio Version 17
VisualStudioVersion = 17.8.34511.84
MinimumVisualStudioVersion = 10.0.40219.1
Project("{FAE04EC0-301F-11D3-BF4B-00C04F79EFBC}") = "Auxx", "Auxx.csproj", "{DD10CF1D-9D73-45A0-8BDD-153CFA0C4A44}"
EndProject
Global
	GlobalSection(SolutionConfigurationPlatforms) = preSolution
		Debug|Any CPU = Debug|Any CPU
		Release|Any CPU = Release|Any CPU
	EndGlobalSection
	GlobalSection(ProjectConfigurationPlatforms) = postSolution
		{DD10CF1D-9D73-45A0-8BDD-153CFA0C4A44}.Debug|Any CPU.ActiveCfg = Debug|Any CPU
		{DD10CF1D-9D73-45A0-8BDD-153CFA0C4A44}.Debug|Any CPU.Build.0 = Debug|Any CPU
		{DD10CF1D-9D73-45A0-8BDD-153CFA0C4A44}.Release|Any CPU.ActiveCfg = Release|Any CPU
		{DD10CF1D-9D73-45A0-8BDD-153CFA0C4A44}.Release|Any CPU.Build.0 = Release|Any CPU
	EndGlobalSection
	GlobalSection(SolutionProperties) = preSolution
		HideSolutionNode = FALSE
	EndGlobalSection
	GlobalSection(ExtensibilityGlobals) = postSolution
		SolutionGuid = {3E677B73-F5C2-4083-983B-FC3C991526A1}
	EndGlobalSection
EndGlobal
